{
    "_meta": {
        "hash": {
            "sha256": "c34ea47e2fc662812c97f3aebe8070760404b84b06308ac8dbed9d8829c42e8d"
        },
        "pipfile-spec": 6,
        "requires": {},
        "sources": [
            {
                "name": "pypi",
                "url": "https://pypi.org/simple",
                "verify_ssl": true
            }
        ]
    },
    "default": {
        "attrs": {
            "hashes": [
                "sha256:4b90b09eeeb9b88c35bc642cbac057e45a5fd85367b985bd2809c62b7b939265",
                "sha256:e0d0eb91441a3b53dab4d9b743eafc1ac44476296a2053b6ca3af0b139faf87b"
            ],
            "version": "==18.1.0"
        },
        "click": {
            "hashes": [
                "sha256:29f99fc6125fbc931b758dc053b3114e55c77a6e4c6c3a2674a2dc986016381d",
                "sha256:f15516df478d5a56180fbf80e68f206010e6d160fc39fa508b65e035fd75130b"
            ],
            "version": "==6.7"
        },
        "distlib": {
            "hashes": [
                "sha256:cd502c66fc27c535bab62dc4f482e403e2369c2c05281a79cc2d4e2f42a87f20"
            ],
            "version": "==0.2.7"
        },
        "first": {
            "hashes": [
                "sha256:3bb3de3582cb27071cfb514f00ed784dc444b7f96dc21e140de65fe00585c95e",
                "sha256:41d5b64e70507d0c3ca742d68010a76060eea8a3d863e9b5130ab11a4a91aa0e"
            ],
            "version": "==2.0.1"
        },
        "packaging": {
            "hashes": [
                "sha256:e9215d2d2535d3ae866c3d6efc77d5b24a0192cce0ff20e42896cc0664f889c0",
                "sha256:f019b770dd64e585a99714f1fd5e01c7a8f11b45635aa953fd41c689a657375b"
            ],
            "version": "==17.1"
        },
        "pipfile-cli": {
            "editable": true,
            "path": "."
        },
        "pyparsing": {
            "hashes": [
                "sha256:0832bcf47acd283788593e7a0f542407bd9550a55a8a8435214a1960e04bcb04",
                "sha256:281683241b25fe9b80ec9d66017485f6deff1af5cde372469134b56ca8447a07",
                "sha256:8f1e18d3fd36c6795bb7e02a39fd05c611ffc2596c1e0d995d34d67630426c18",
                "sha256:9e8143a3e15c13713506886badd96ca4b579a87fbdf49e550dbfc057d6cb218e",
                "sha256:b8b3117ed9bdf45e14dcc89345ce638ec7e0e29b2b579fa1ecf32ce45ebac8a5",
                "sha256:e4d45427c6e20a59bf4f88c639dcc03ce30d193112047f94012102f235853a58",
                "sha256:fee43f17a9c4087e7ed1605bd6df994c6173c1e977d7ade7b651292fab2bd010"
            ],
            "version": "==2.2.0"
        },
        "requirements-parser": {
            "hashes": [
                "sha256:5963ee895c2d05ae9f58d3fc641082fb38021618979d6a152b6b1398bd7d4ed4",
                "sha256:76650b4a9d98fc65edf008a7920c076bb2a76c08eaae230ce4cfc6f51ea6a773"
            ],
            "version": "==0.2.0"
        },
        "requirementslib": {
            "hashes": [
                "sha256:1b8911d50f1356e4f827717ffb5a39f01b4b48aa70b5a67fb41c3cbbcd22531a",
                "sha256:41807cf74057fe53c78de661fcf4aedfb2ed22c444d578364da50ff39bfc00ac"
            ],
            "version": "==0.0.6"
        },
        "six": {
            "hashes": [
                "sha256:70e8a77beed4562e7f14fe23a786b54f6296e34344c23bc42f07b15018ff98e9",
                "sha256:832dc0e10feb1aa2c68dcc57dbb658f1c7e65b9b61af69048abc87a2db00a0eb"
            ],
            "version": "==1.11.0"
        },
        "toml": {
            "hashes": [
                "sha256:8e86bd6ce8cc11b9620cb637466453d94f5d57ad86f17e98a98d1f73e3baab2d"
            ],
            "version": "==0.9.4"
        }
    },
    "develop": {}
}
